
Microsoft Visual Studio Solution File, Format Version 12.00
# Visual Studio Version 16
VisualStudioVersion = 16.0.29102.190
MinimumVisualStudioVersion = 10.0.40219.1
Project("{FAE04EC0-301F-11D3-BF4B-00C04F79EFBC}") = "Institucion Educativa Tumac", "Institucion Educativa Tumac.csproj", "{5CCC9272-4617-43A2-B9BD-D9AC42AF979C}"
EndProject
Global
	GlobalSection(SolutionConfigurationPlatforms) = preSolution
		Debug|Any CPU = Debug|Any CPU
		Release|Any CPU = Release|Any CPU
	EndGlobalSection
	GlobalSection(ProjectConfigurationPlatforms) = postSolution
		{5CCC9272-4617-43A2-B9BD-D9AC42AF979C}.Debug|Any CPU.ActiveCfg = Debug|Any CPU
		{5CCC9272-4617-43A2-B9BD-D9AC42AF979C}.Debug|Any CPU.Build.0 = Debug|Any CPU
		{5CCC9272-4617-43A2-B9BD-D9AC42AF979C}.Release|Any CPU.ActiveCfg = Release|Any CPU
		{5CCC9272-4617-43A2-B9BD-D9AC42AF979C}.Release|Any CPU.Build.0 = Release|Any CPU
	EndGlobalSection
	GlobalSection(SolutionProperties) = preSolution
		HideSolutionNode = FALSE
	EndGlobalSection
	GlobalSection(ExtensibilityGlobals) = postSolution
		SolutionGuid = {AD64E8D1-C682-4940-A14F-E7923B60F565}
	EndGlobalSection
EndGlobal
